
Microsoft Visual Studio Solution File, Format Version 12.00
# Visual Studio Version 17
VisualStudioVersion = 17.3.32929.385
MinimumVisualStudioVersion = 10.0.40219.1
Project("{8BC9CEB8-8B4A-11D0-8D11-00A0C91BC942}") = "Expresiones 2", "Expresiones 2\Expresiones 2.vcxproj", "{66D9BD12-8033-4761-A908-F50BD90B0E9F}"
EndProject
Global
	GlobalSection(SolutionConfigurationPlatforms) = preSolution
		Debug|x64 = Debug|x64
		Debug|x86 = Debug|x86
		Release|x64 = Release|x64
		Release|x86 = Release|x86
	EndGlobalSection
	GlobalSection(ProjectConfigurationPlatforms) = postSolution
		{66D9BD12-8033-4761-A908-F50BD90B0E9F}.Debug|x64.ActiveCfg = Debug|x64
		{66D9BD12-8033-4761-A908-F50BD90B0E9F}.Debug|x64.Build.0 = Debug|x64
		{66D9BD12-8033-4761-A908-F50BD90B0E9F}.Debug|x86.ActiveCfg = Debug|Win32
		{66D9BD12-8033-4761-A908-F50BD90B0E9F}.Debug|x86.Build.0 = Debug|Win32
		{66D9BD12-8033-4761-A908-F50BD90B0E9F}.Release|x64.ActiveCfg = Release|x64
		{66D9BD12-8033-4761-A908-F50BD90B0E9F}.Release|x64.Build.0 = Release|x64
		{66D9BD12-8033-4761-A908-F50BD90B0E9F}.Release|x86.ActiveCfg = Release|Win32
		{66D9BD12-8033-4761-A908-F50BD90B0E9F}.Release|x86.Build.0 = Release|Win32
	EndGlobalSection
	GlobalSection(SolutionProperties) = preSolution
		HideSolutionNode = FALSE
	EndGlobalSection
	GlobalSection(ExtensibilityGlobals) = postSolution
		SolutionGuid = {D5A20E94-EE13-4698-ACFD-53BF78E22709}
	EndGlobalSection
EndGlobal
